
Microsoft Visual Studio Solution File, Format Version 12.00
# Visual Studio Version 17
VisualStudioVersion = 17.5.2.0
MinimumVisualStudioVersion = 10.0.40219.1
Project("{2150E333-8FDC-42A3-9474-1A3956D46DE8}") = "notificaciones-service", "notificaciones-service", "{AE924232-1524-FB77-F686-97B7B1E46421}"
EndProject
Project("{FAE04EC0-301F-11D3-BF4B-00C04F79EFBC}") = "NotificacionesService", "notificaciones-service\NotificacionesService.csproj", "{1ACF56A7-D762-82D5-3B51-A6E92C49770D}"
EndProject
Project("{FAE04EC0-301F-11D3-BF4B-00C04F79EFBC}") = "NotificacionesService.Tests", "NotificacionesService.Tests\NotificacionesService.Tests.csproj", "{D73CCBB1-78AA-4864-9716-16BAA4775C5E}"
EndProject
Global
	GlobalSection(SolutionConfigurationPlatforms) = preSolution
		Debug|Any CPU = Debug|Any CPU
		Debug|x64 = Debug|x64
		Debug|x86 = Debug|x86
		Release|Any CPU = Release|Any CPU
		Release|x64 = Release|x64
		Release|x86 = Release|x86
	EndGlobalSection
	GlobalSection(ProjectConfigurationPlatforms) = postSolution
		{1ACF56A7-D762-82D5-3B51-A6E92C49770D}.Debug|Any CPU.ActiveCfg = Debug|Any CPU
		{1ACF56A7-D762-82D5-3B51-A6E92C49770D}.Debug|Any CPU.Build.0 = Debug|Any CPU
		{1ACF56A7-D762-82D5-3B51-A6E92C49770D}.Debug|x64.ActiveCfg = Debug|Any CPU
		{1ACF56A7-D762-82D5-3B51-A6E92C49770D}.Debug|x64.Build.0 = Debug|Any CPU
		{1ACF56A7-D762-82D5-3B51-A6E92C49770D}.Debug|x86.ActiveCfg = Debug|Any CPU
		{1ACF56A7-D762-82D5-3B51-A6E92C49770D}.Debug|x86.Build.0 = Debug|Any CPU
		{1ACF56A7-D762-82D5-3B51-A6E92C49770D}.Release|Any CPU.ActiveCfg = Release|Any CPU
		{1ACF56A7-D762-82D5-3B51-A6E92C49770D}.Release|Any CPU.Build.0 = Release|Any CPU
		{1ACF56A7-D762-82D5-3B51-A6E92C49770D}.Release|x64.ActiveCfg = Release|Any CPU
		{1ACF56A7-D762-82D5-3B51-A6E92C49770D}.Release|x64.Build.0 = Release|Any CPU
		{1ACF56A7-D762-82D5-3B51-A6E92C49770D}.Release|x86.ActiveCfg = Release|Any CPU
		{1ACF56A7-D762-82D5-3B51-A6E92C49770D}.Release|x86.Build.0 = Release|Any CPU
		{D73CCBB1-78AA-4864-9716-16BAA4775C5E}.Debug|Any CPU.ActiveCfg = Debug|Any CPU
		{D73CCBB1-78AA-4864-9716-16BAA4775C5E}.Debug|Any CPU.Build.0 = Debug|Any CPU
		{D73CCBB1-78AA-4864-9716-16BAA4775C5E}.Debug|x64.ActiveCfg = Debug|Any CPU
		{D73CCBB1-78AA-4864-9716-16BAA4775C5E}.Debug|x64.Build.0 = Debug|Any CPU
		{D73CCBB1-78AA-4864-9716-16BAA4775C5E}.Debug|x86.ActiveCfg = Debug|Any CPU
		{D73CCBB1-78AA-4864-9716-16BAA4775C5E}.Debug|x86.Build.0 = Debug|Any CPU
		{D73CCBB1-78AA-4864-9716-16BAA4775C5E}.Release|Any CPU.ActiveCfg = Release|Any CPU
		{D73CCBB1-78AA-4864-9716-16BAA4775C5E}.Release|Any CPU.Build.0 = Release|Any CPU
		{D73CCBB1-78AA-4864-9716-16BAA4775C5E}.Release|x64.ActiveCfg = Release|Any CPU
		{D73CCBB1-78AA-4864-9716-16BAA4775C5E}.Release|x64.Build.0 = Release|Any CPU
		{D73CCBB1-78AA-4864-9716-16BAA4775C5E}.Release|x86.ActiveCfg = Release|Any CPU
		{D73CCBB1-78AA-4864-9716-16BAA4775C5E}.Release|x86.Build.0 = Release|Any CPU
	EndGlobalSection
	GlobalSection(SolutionProperties) = preSolution
		HideSolutionNode = FALSE
	EndGlobalSection
	GlobalSection(NestedProjects) = preSolution
		{1ACF56A7-D762-82D5-3B51-A6E92C49770D} = {AE924232-1524-FB77-F686-97B7B1E46421}
	EndGlobalSection
	GlobalSection(ExtensibilityGlobals) = postSolution
		SolutionGuid = {C2410EAA-1923-4EB0-8254-F2996576A924}
	EndGlobalSection
EndGlobal
